
Microsoft Visual Studio Solution File, Format Version 12.00
# Visual Studio Version 16
VisualStudioVersion = 16.0.31129.286
MinimumVisualStudioVersion = 10.0.40219.1
Project("{9A19103F-16F7-4668-BE54-9A1E7A4F7556}") = "Cronus.Host", "Cronus.Host\Cronus.Host.csproj", "{ED37D5AE-031D-4D7B-9969-D9E869A14D29}"
EndProject
Project("{9A19103F-16F7-4668-BE54-9A1E7A4F7556}") = "Cronus.Contracts", "Cronus.Contracts\Cronus.Contracts.csproj", "{AFDB678B-DC62-4F06-9B03-12592496A44F}"
EndProject
Project("{9A19103F-16F7-4668-BE54-9A1E7A4F7556}") = "Log", "Log\Log.csproj", "{0604BB30-8F06-4E0D-888F-C1FA49681121}"
EndProject
Global
	GlobalSection(SolutionConfigurationPlatforms) = preSolution
		Debug|Any CPU = Debug|Any CPU
		Release|Any CPU = Release|Any CPU
	EndGlobalSection
	GlobalSection(ProjectConfigurationPlatforms) = postSolution
		{ED37D5AE-031D-4D7B-9969-D9E869A14D29}.Debug|Any CPU.ActiveCfg = Debug|Any CPU
		{ED37D5AE-031D-4D7B-9969-D9E869A14D29}.Debug|Any CPU.Build.0 = Debug|Any CPU
		{ED37D5AE-031D-4D7B-9969-D9E869A14D29}.Release|Any CPU.ActiveCfg = Release|Any CPU
		{ED37D5AE-031D-4D7B-9969-D9E869A14D29}.Release|Any CPU.Build.0 = Release|Any CPU
		{AFDB678B-DC62-4F06-9B03-12592496A44F}.Debug|Any CPU.ActiveCfg = Debug|Any CPU
		{AFDB678B-DC62-4F06-9B03-12592496A44F}.Debug|Any CPU.Build.0 = Debug|Any CPU
		{AFDB678B-DC62-4F06-9B03-12592496A44F}.Release|Any CPU.ActiveCfg = Release|Any CPU
		{AFDB678B-DC62-4F06-9B03-12592496A44F}.Release|Any CPU.Build.0 = Release|Any CPU
		{0604BB30-8F06-4E0D-888F-C1FA49681121}.Debug|Any CPU.ActiveCfg = Debug|Any CPU
		{0604BB30-8F06-4E0D-888F-C1FA49681121}.Debug|Any CPU.Build.0 = Debug|Any CPU
		{0604BB30-8F06-4E0D-888F-C1FA49681121}.Release|Any CPU.ActiveCfg = Release|Any CPU
		{0604BB30-8F06-4E0D-888F-C1FA49681121}.Release|Any CPU.Build.0 = Release|Any CPU
	EndGlobalSection
	GlobalSection(SolutionProperties) = preSolution
		HideSolutionNode = FALSE
	EndGlobalSection
	GlobalSection(ExtensibilityGlobals) = postSolution
		SolutionGuid = {6FE6901B-0DE0-440D-9FE6-2C50D1E8497F}
	EndGlobalSection
EndGlobal
